
Microsoft Visual Studio Solution File, Format Version 12.00
# Visual Studio 15
VisualStudioVersion = 15.0.28307.1259
MinimumVisualStudioVersion = 10.0.40219.1
Project("{9A19103F-16F7-4668-BE54-9A1E7A4F7556}") = "API", "API\API.csproj", "{EE331290-36A2-4A77-A3EE-BBDE70DD2540}"
	ProjectSection(ProjectDependencies) = postProject
		{6E36D92F-508A-4658-8679-E7B2E9236D8D} = {6E36D92F-508A-4658-8679-E7B2E9236D8D}
		{033BFDB1-0793-4F16-99D6-0AA5B189264C} = {033BFDB1-0793-4F16-99D6-0AA5B189264C}
	EndProjectSection
EndProject
Project("{9A19103F-16F7-4668-BE54-9A1E7A4F7556}") = "Domain", "Domain\Domain.csproj", "{033BFDB1-0793-4F16-99D6-0AA5B189264C}"
EndProject
Project("{9A19103F-16F7-4668-BE54-9A1E7A4F7556}") = "Infra", "Infra\Infra.csproj", "{6E36D92F-508A-4658-8679-E7B2E9236D8D}"
	ProjectSection(ProjectDependencies) = postProject
		{033BFDB1-0793-4F16-99D6-0AA5B189264C} = {033BFDB1-0793-4F16-99D6-0AA5B189264C}
	EndProjectSection
EndProject
Global
	GlobalSection(SolutionConfigurationPlatforms) = preSolution
		Debug|Any CPU = Debug|Any CPU
		Release|Any CPU = Release|Any CPU
	EndGlobalSection
	GlobalSection(ProjectConfigurationPlatforms) = postSolution
		{EE331290-36A2-4A77-A3EE-BBDE70DD2540}.Debug|Any CPU.ActiveCfg = Debug|Any CPU
		{EE331290-36A2-4A77-A3EE-BBDE70DD2540}.Debug|Any CPU.Build.0 = Debug|Any CPU
		{EE331290-36A2-4A77-A3EE-BBDE70DD2540}.Release|Any CPU.ActiveCfg = Release|Any CPU
		{EE331290-36A2-4A77-A3EE-BBDE70DD2540}.Release|Any CPU.Build.0 = Release|Any CPU
		{033BFDB1-0793-4F16-99D6-0AA5B189264C}.Debug|Any CPU.ActiveCfg = Debug|Any CPU
		{033BFDB1-0793-4F16-99D6-0AA5B189264C}.Debug|Any CPU.Build.0 = Debug|Any CPU
		{033BFDB1-0793-4F16-99D6-0AA5B189264C}.Release|Any CPU.ActiveCfg = Release|Any CPU
		{033BFDB1-0793-4F16-99D6-0AA5B189264C}.Release|Any CPU.Build.0 = Release|Any CPU
		{6E36D92F-508A-4658-8679-E7B2E9236D8D}.Debug|Any CPU.ActiveCfg = Debug|Any CPU
		{6E36D92F-508A-4658-8679-E7B2E9236D8D}.Debug|Any CPU.Build.0 = Debug|Any CPU
		{6E36D92F-508A-4658-8679-E7B2E9236D8D}.Release|Any CPU.ActiveCfg = Release|Any CPU
		{6E36D92F-508A-4658-8679-E7B2E9236D8D}.Release|Any CPU.Build.0 = Release|Any CPU
	EndGlobalSection
	GlobalSection(SolutionProperties) = preSolution
		HideSolutionNode = FALSE
	EndGlobalSection
	GlobalSection(ExtensibilityGlobals) = postSolution
		SolutionGuid = {CB31E461-EA83-4287-BC26-C1D42E26851A}
	EndGlobalSection
EndGlobal
